// !$*UTF8*$!
{
	archiveVersion = 1;
	classes = {
	};
	objectVersion = 50;
	objects = {

/* Begin PBXBuildFile section */
		CB2BEFA822130E330037EEAA /* dfu_load.h in Headers */ = {isa = PBXBuildFile; fileRef = CB2BEF9C22130E330037EEAA /* dfu_load.h */; };
		CB2BEFA922130E330037EEAA /* dfu_util.c in Sources */ = {isa = PBXBuildFile; fileRef = CB2BEF9D22130E330037EEAA /* dfu_util.c */; };
		CB2BEFAA22130E330037EEAA /* dfu_util.h in Headers */ = {isa = PBXBuildFile; fileRef = CB2BEF9E22130E330037EEAA /* dfu_util.h */; };
		CB2BEFAB22130E330037EEAA /* dfuse_mem.h in Headers */ = {isa = PBXBuildFile; fileRef = CB2BEF9F22130E330037EEAA /* dfuse_mem.h */; };
		CB2BEFAC22130E330037EEAA /* dfuse_mem.c in Sources */ = {isa = PBXBuildFile; fileRef = CB2BEFA022130E330037EEAA /* dfuse_mem.c */; };
		CB2BEFAD22130E330037EEAA /* dfuse.h in Headers */ = {isa = PBXBuildFile; fileRef = CB2BEFA122130E330037EEAA /* dfuse.h */; };
		CB2BEFAE22130E330037EEAA /* usb_dfu.h in Headers */ = {isa = PBXBuildFile; fileRef = CB2BEFA222130E330037EEAA /* usb_dfu.h */; };
		CB2BEFAF22130E330037EEAA /* dfu_file.c in Sources */ = {isa = PBXBuildFile; fileRef = CB2BEFA322130E330037EEAA /* dfu_file.c */; };
		CB2BEFB022130E330037EEAA /* dfu_file.h in Headers */ = {isa = PBXBuildFile; fileRef = CB2BEFA422130E330037EEAA /* dfu_file.h */; };
		CB2BEFB122130E330037EEAA /* dfuse.c in Sources */ = {isa = PBXBuildFile; fileRef = CB2BEFA522130E330037EEAA /* dfuse.c */; };
		CB2BEFB222130E330037EEAA /* dfu_load.c in Sources */ = {isa = PBXBuildFile; fileRef = CB2BEFA622130E330037EEAA /* dfu_load.c */; };
		CB2BEFB322130E330037EEAA /* dfu.h in Headers */ = {isa = PBXBuildFile; fileRef = CB2BEFA722130E330037EEAA /* dfu.h */; };
		CBF556732212F28000C28F03 /* libusb-1.0.0.dylib in Frameworks */ = {isa = PBXBuildFile; fileRef = CBF556722212F28000C28F03 /* libusb-1.0.0.dylib */; };
		CBF556752212F44100C28F03 /* dfu.c in Sources */ = {isa = PBXBuildFile; fileRef = CBF556742212F44100C28F03 /* dfu.c */; };
/* End PBXBuildFile section */

/* Begin PBXFileReference section */
		CB2BEF9C22130E330037EEAA /* dfu_load.h */ = {isa = PBXFileReference; fileEncoding = 4; lastKnownFileType = sourcecode.c.h; name = dfu_load.h; path = libdfu/dfu_load.h; sourceTree = "<group>"; };
		CB2BEF9D22130E330037EEAA /* dfu_util.c */ = {isa = PBXFileReference; fileEncoding = 4; lastKnownFileType = sourcecode.c.c; name = dfu_util.c; path = libdfu/dfu_util.c; sourceTree = "<group>"; };
		CB2BEF9E22130E330037EEAA /* dfu_util.h */ = {isa = PBXFileReference; fileEncoding = 4; lastKnownFileType = sourcecode.c.h; name = dfu_util.h; path = libdfu/dfu_util.h; sourceTree = "<group>"; };
		CB2BEF9F22130E330037EEAA /* dfuse_mem.h */ = {isa = PBXFileReference; fileEncoding = 4; lastKnownFileType = sourcecode.c.h; name = dfuse_mem.h; path = libdfu/dfuse_mem.h; sourceTree = "<group>"; };
		CB2BEFA022130E330037EEAA /* dfuse_mem.c */ = {isa = PBXFileReference; fileEncoding = 4; lastKnownFileType = sourcecode.c.c; name = dfuse_mem.c; path = libdfu/dfuse_mem.c; sourceTree = "<group>"; };
		CB2BEFA122130E330037EEAA /* dfuse.h */ = {isa = PBXFileReference; fileEncoding = 4; lastKnownFileType = sourcecode.c.h; name = dfuse.h; path = libdfu/dfuse.h; sourceTree = "<group>"; };
		CB2BEFA222130E330037EEAA /* usb_dfu.h */ = {isa = PBXFileReference; fileEncoding = 4; lastKnownFileType = sourcecode.c.h; name = usb_dfu.h; path = libdfu/usb_dfu.h; sourceTree = "<group>"; };
		CB2BEFA322130E330037EEAA /* dfu_file.c */ = {isa = PBXFileReference; fileEncoding = 4; lastKnownFileType = sourcecode.c.c; name = dfu_file.c; path = libdfu/dfu_file.c; sourceTree = "<group>"; };
		CB2BEFA422130E330037EEAA /* dfu_file.h */ = {isa = PBXFileReference; fileEncoding = 4; lastKnownFileType = sourcecode.c.h; name = dfu_file.h; path = libdfu/dfu_file.h; sourceTree = "<group>"; };
		CB2BEFA522130E330037EEAA /* dfuse.c */ = {isa = PBXFileReference; fileEncoding = 4; lastKnownFileType = sourcecode.c.c; name = dfuse.c; path = libdfu/dfuse.c; sourceTree = "<group>"; };
		CB2BEFA622130E330037EEAA /* dfu_load.c */ = {isa = PBXFileReference; fileEncoding = 4; lastKnownFileType = sourcecode.c.c; name = dfu_load.c; path = libdfu/dfu_load.c; sourceTree = "<group>"; };
		CB2BEFA722130E330037EEAA /* dfu.h */ = {isa = PBXFileReference; fileEncoding = 4; lastKnownFileType = sourcecode.c.h; name = dfu.h; path = libdfu/dfu.h; sourceTree = "<group>"; };
		CBF556642212F27100C28F03 /* libdfu-1.0.0.dylib */ = {isa = PBXFileReference; explicitFileType = "compiled.mach-o.dylib"; includeInIndex = 0; path = "libdfu-1.0.0.dylib"; sourceTree = BUILT_PRODUCTS_DIR; };
		CBF556722212F28000C28F03 /* libusb-1.0.0.dylib */ = {isa = PBXFileReference; explicitFileType = "compiled.mach-o.dylib"; path = "libusb-1.0.0.dylib"; sourceTree = BUILT_PRODUCTS_DIR; };
		CBF556742212F44100C28F03 /* dfu.c */ = {isa = PBXFileReference; fileEncoding = 4; lastKnownFileType = sourcecode.c.c; name = dfu.c; path = libdfu/dfu.c; sourceTree = "<group>"; };
/* End PBXFileReference section */

/* Begin PBXFrameworksBuildPhase section */
		CBF556622212F27100C28F03 /* Frameworks */ = {
			isa = PBXFrameworksBuildPhase;
			buildActionMask = 2147483647;
			files = (
				CBF556732212F28000C28F03 /* libusb-1.0.0.dylib in Frameworks */,
			);
			runOnlyForDeploymentPostprocessing = 0;
		};
/* End PBXFrameworksBuildPhase section */

/* Begin PBXGroup section */
		CBF5565B2212F27100C28F03 = {
			isa = PBXGroup;
			children = (
				CB2BEFA322130E330037EEAA /* dfu_file.c */,
				CB2BEFA422130E330037EEAA /* dfu_file.h */,
				CB2BEFA622130E330037EEAA /* dfu_load.c */,
				CB2BEF9C22130E330037EEAA /* dfu_load.h */,
				CB2BEF9D22130E330037EEAA /* dfu_util.c */,
				CB2BEF9E22130E330037EEAA /* dfu_util.h */,
				CB2BEFA722130E330037EEAA /* dfu.h */,
				CB2BEFA022130E330037EEAA /* dfuse_mem.c */,
				CB2BEF9F22130E330037EEAA /* dfuse_mem.h */,
				CB2BEFA522130E330037EEAA /* dfuse.c */,
				CB2BEFA122130E330037EEAA /* dfuse.h */,
				CB2BEFA222130E330037EEAA /* usb_dfu.h */,
				CBF556742212F44100C28F03 /* dfu.c */,
				CBF556652212F27100C28F03 /* Products */,
				CBF556712212F28000C28F03 /* Frameworks */,
			);
			sourceTree = "<group>";
		};
		CBF556652212F27100C28F03 /* Products */ = {
			isa = PBXGroup;
			children = (
				CBF556642212F27100C28F03 /* libdfu-1.0.0.dylib */,
			);
			name = Products;
			sourceTree = "<group>";
		};
		CBF556712212F28000C28F03 /* Frameworks */ = {
			isa = PBXGroup;
			children = (
				CBF556722212F28000C28F03 /* libusb-1.0.0.dylib */,
			);
			name = Frameworks;
			sourceTree = "<group>";
		};
/* End PBXGroup section */

/* Begin PBXHeadersBuildPhase section */
		CBF556602212F27100C28F03 /* Headers */ = {
			isa = PBXHeadersBuildPhase;
			buildActionMask = 2147483647;
			files = (
				CB2BEFB022130E330037EEAA /* dfu_file.h in Headers */,
				CB2BEFB322130E330037EEAA /* dfu.h in Headers */,
				CB2BEFAD22130E330037EEAA /* dfuse.h in Headers */,
				CB2BEFAE22130E330037EEAA /* usb_dfu.h in Headers */,
				CB2BEFAA22130E330037EEAA /* dfu_util.h in Headers */,
				CB2BEFAB22130E330037EEAA /* dfuse_mem.h in Headers */,
				CB2BEFA822130E330037EEAA /* dfu_load.h in Headers */,
			);
			runOnlyForDeploymentPostprocessing = 0;
		};
/* End PBXHeadersBuildPhase section */

/* Begin PBXNativeTarget section */
		CBF556632212F27100C28F03 /* libdfu */ = {
			isa = PBXNativeTarget;
			buildConfigurationList = CBF556682212F27100C28F03 /* Build configuration list for PBXNativeTarget "libdfu" */;
			buildPhases = (
				CBF556602212F27100C28F03 /* Headers */,
				CBF556612212F27100C28F03 /* Sources */,
				CBF556622212F27100C28F03 /* Frameworks */,
			);
			buildRules = (
			);
			dependencies = (
			);
			name = libdfu;
			productName = libdfu;
			productReference = CBF556642212F27100C28F03 /* libdfu-1.0.0.dylib */;
			productType = "com.apple.product-type.library.dynamic";
		};
/* End PBXNativeTarget section */

/* Begin PBXProject section */
		CBF5565C2212F27100C28F03 /* Project object */ = {
			isa = PBXProject;
			attributes = {
				LastUpgradeCheck = 1010;
				ORGANIZATIONNAME = "Roman Stepanov";
				TargetAttributes = {
					CBF556632212F27100C28F03 = {
						CreatedOnToolsVersion = 10.1;
					};
				};
			};
			buildConfigurationList = CBF5565F2212F27100C28F03 /* Build configuration list for PBXProject "libdfu" */;
			compatibilityVersion = "Xcode 9.3";
			developmentRegion = en;
			hasScannedForEncodings = 0;
			knownRegions = (
				en,
			);
			mainGroup = CBF5565B2212F27100C28F03;
			productRefGroup = CBF556652212F27100C28F03 /* Products */;
			projectDirPath = "";
			projectRoot = "";
			targets = (
				CBF556632212F27100C28F03 /* libdfu */,
			);
		};
/* End PBXProject section */

/* Begin PBXSourcesBuildPhase section */
		CBF556612212F27100C28F03 /* Sources */ = {
			isa = PBXSourcesBuildPhase;
			buildActionMask = 2147483647;
			files = (
				CBF556752212F44100C28F03 /* dfu.c in Sources */,
				CB2BEFB222130E330037EEAA /* dfu_load.c in Sources */,
				CB2BEFAF22130E330037EEAA /* dfu_file.c in Sources */,
				CB2BEFAC22130E330037EEAA /* dfuse_mem.c in Sources */,
				CB2BEFA922130E330037EEAA /* dfu_util.c in Sources */,
				CB2BEFB122130E330037EEAA /* dfuse.c in Sources */,
			);
			runOnlyForDeploymentPostprocessing = 0;
		};
/* End PBXSourcesBuildPhase section */

/* Begin XCBuildConfiguration section */
		CBF556662212F27100C28F03 /* Debug */ = {
			isa = XCBuildConfiguration;
			buildSettings = {
				ALWAYS_SEARCH_USER_PATHS = NO;
				CLANG_ANALYZER_NONNULL = YES;
				CLANG_ANALYZER_NUMBER_OBJECT_CONVERSION = YES_AGGRESSIVE;
				CLANG_CXX_LANGUAGE_STANDARD = "gnu++14";
				CLANG_CXX_LIBRARY = "libc++";
				CLANG_ENABLE_MODULES = YES;
				CLANG_ENABLE_OBJC_ARC = YES;
				CLANG_ENABLE_OBJC_WEAK = YES;
				CLANG_WARN_BLOCK_CAPTURE_AUTORELEASING = YES;
				CLANG_WARN_BOOL_CONVERSION = YES;
				CLANG_WARN_COMMA = YES;
				CLANG_WARN_CONSTANT_CONVERSION = YES;
				CLANG_WARN_DEPRECATED_OBJC_IMPLEMENTATIONS = YES;
				CLANG_WARN_DIRECT_OBJC_ISA_USAGE = YES_ERROR;
				CLANG_WARN_DOCUMENTATION_COMMENTS = YES;
				CLANG_WARN_EMPTY_BODY = YES;
				CLANG_WARN_ENUM_CONVERSION = YES;
				CLANG_WARN_INFINITE_RECURSION = YES;
				CLANG_WARN_INT_CONVERSION = YES;
				CLANG_WARN_NON_LITERAL_NULL_CONVERSION = YES;
				CLANG_WARN_OBJC_IMPLICIT_RETAIN_SELF = YES;
				CLANG_WARN_OBJC_LITERAL_CONVERSION = YES;
				CLANG_WARN_OBJC_ROOT_CLASS = YES_ERROR;
				CLANG_WARN_RANGE_LOOP_ANALYSIS = YES;
				CLANG_WARN_STRICT_PROTOTYPES = YES;
				CLANG_WARN_SUSPICIOUS_MOVE = YES;
				CLANG_WARN_UNGUARDED_AVAILABILITY = YES_AGGRESSIVE;
				CLANG_WARN_UNREACHABLE_CODE = YES;
				CLANG_WARN__DUPLICATE_METHOD_MATCH = YES;
				CODE_SIGN_IDENTITY = "Mac Developer";
				COPY_PHASE_STRIP = NO;
				DEBUG_INFORMATION_FORMAT = dwarf;
				ENABLE_STRICT_OBJC_MSGSEND = YES;
				ENABLE_TESTABILITY = YES;
				GCC_C_LANGUAGE_STANDARD = gnu11;
				GCC_DYNAMIC_NO_PIC = NO;
				GCC_NO_COMMON_BLOCKS = YES;
				GCC_OPTIMIZATION_LEVEL = 0;
				GCC_PREPROCESSOR_DEFINITIONS = (
					"DEBUG=1",
					"$(inherited)",
				);
				GCC_WARN_64_TO_32_BIT_CONVERSION = YES;
				GCC_WARN_ABOUT_RETURN_TYPE = YES_ERROR;
				GCC_WARN_UNDECLARED_SELECTOR = YES;
				GCC_WARN_UNINITIALIZED_AUTOS = YES_AGGRESSIVE;
				GCC_WARN_UNUSED_FUNCTION = YES;
				GCC_WARN_UNUSED_VARIABLE = YES;
				MACOSX_DEPLOYMENT_TARGET = 10.14;
				MTL_ENABLE_DEBUG_INFO = INCLUDE_SOURCE;
				MTL_FAST_MATH = YES;
				ONLY_ACTIVE_ARCH = YES;
				SDKROOT = macosx;
			};
			name = Debug;
		};
		CBF556672212F27100C28F03 /* Release */ = {
			isa = XCBuildConfiguration;
			buildSettings = {
				ALWAYS_SEARCH_USER_PATHS = NO;
				CLANG_ANALYZER_NONNULL = YES;
				CLANG_ANALYZER_NUMBER_OBJECT_CONVERSION = YES_AGGRESSIVE;
				CLANG_CXX_LANGUAGE_STANDARD = "gnu++14";
				CLANG_CXX_LIBRARY = "libc++";
				CLANG_ENABLE_MODULES = YES;
				CLANG_ENABLE_OBJC_ARC = YES;
				CLANG_ENABLE_OBJC_WEAK = YES;
				CLANG_WARN_BLOCK_CAPTURE_AUTORELEASING = YES;
				CLANG_WARN_BOOL_CONVERSION = YES;
				CLANG_WARN_COMMA = YES;
				CLANG_WARN_CONSTANT_CONVERSION = YES;
				CLANG_WARN_DEPRECATED_OBJC_IMPLEMENTATIONS = YES;
				CLANG_WARN_DIRECT_OBJC_ISA_USAGE = YES_ERROR;
				CLANG_WARN_DOCUMENTATION_COMMENTS = YES;
				CLANG_WARN_EMPTY_BODY = YES;
				CLANG_WARN_ENUM_CONVERSION = YES;
				CLANG_WARN_INFINITE_RECURSION = YES;
				CLANG_WARN_INT_CONVERSION = YES;
				CLANG_WARN_NON_LITERAL_NULL_CONVERSION = YES;
				CLANG_WARN_OBJC_IMPLICIT_RETAIN_SELF = YES;
				CLANG_WARN_OBJC_LITERAL_CONVERSION = YES;
				CLANG_WARN_OBJC_ROOT_CLASS = YES_ERROR;
				CLANG_WARN_RANGE_LOOP_ANALYSIS = YES;
				CLANG_WARN_STRICT_PROTOTYPES = YES;
				CLANG_WARN_SUSPICIOUS_MOVE = YES;
				CLANG_WARN_UNGUARDED_AVAILABILITY = YES_AGGRESSIVE;
				CLANG_WARN_UNREACHABLE_CODE = YES;
				CLANG_WARN__DUPLICATE_METHOD_MATCH = YES;
				CODE_SIGN_IDENTITY = "Mac Developer";
				COPY_PHASE_STRIP = NO;
				DEBUG_INFORMATION_FORMAT = "dwarf-with-dsym";
				ENABLE_NS_ASSERTIONS = NO;
				ENABLE_STRICT_OBJC_MSGSEND = YES;
				GCC_C_LANGUAGE_STANDARD = gnu11;
				GCC_NO_COMMON_BLOCKS = YES;
				GCC_WARN_64_TO_32_BIT_CONVERSION = YES;
				GCC_WARN_ABOUT_RETURN_TYPE = YES_ERROR;
				GCC_WARN_UNDECLARED_SELECTOR = YES;
				GCC_WARN_UNINITIALIZED_AUTOS = YES_AGGRESSIVE;
				GCC_WARN_UNUSED_FUNCTION = YES;
				GCC_WARN_UNUSED_VARIABLE = YES;
				MACOSX_DEPLOYMENT_TARGET = 10.14;
				MTL_ENABLE_DEBUG_INFO = NO;
				MTL_FAST_MATH = YES;
				SDKROOT = macosx;
			};
			name = Release;
		};
		CBF556692212F27100C28F03 /* Debug */ = {
			isa = XCBuildConfiguration;
			buildSettings = {
				CODE_SIGN_STYLE = Automatic;
				COPY_PHASE_STRIP = YES;
				DEVELOPMENT_TEAM = SZSZNK2H5U;
				DYLIB_COMPATIBILITY_VERSION = 1;
				DYLIB_CURRENT_VERSION = 1;
				EXECUTABLE_PREFIX = "";
				HEADER_SEARCH_PATHS = "${SRCROOT}/../libusb/libusb/**";
				INSTALL_PATH = "";
				LD_DYLIB_INSTALL_NAME = "@rpath/libdfu-1.0.0.dylib";
				MACOSX_DEPLOYMENT_TARGET = 10.13;
				PRODUCT_NAME = "libdfu-1.0.0";
				SKIP_INSTALL = YES;
			};
			name = Debug;
		};
		CBF5566A2212F27100C28F03 /* Release */ = {
			isa = XCBuildConfiguration;
			buildSettings = {
				CODE_SIGN_STYLE = Automatic;
				COPY_PHASE_STRIP = YES;
				DEVELOPMENT_TEAM = SZSZNK2H5U;
				DYLIB_COMPATIBILITY_VERSION = 1;
				DYLIB_CURRENT_VERSION = 1;
				EXECUTABLE_PREFIX = "";
				HEADER_SEARCH_PATHS = "${SRCROOT}/../libusb/libusb/**";
				INSTALL_PATH = "";
				LD_DYLIB_INSTALL_NAME = "@rpath/libdfu-1.0.0.dylib";
				MACOSX_DEPLOYMENT_TARGET = 10.13;
				PRODUCT_NAME = "libdfu-1.0.0";
				SKIP_INSTALL = YES;
			};
			name = Release;
		};
/* End XCBuildConfiguration section */

/* Begin XCConfigurationList section */
		CBF5565F2212F27100C28F03 /* Build configuration list for PBXProject "libdfu" */ = {
			isa = XCConfigurationList;
			buildConfigurations = (
				CBF556662212F27100C28F03 /* Debug */,
				CBF556672212F27100C28F03 /* Release */,
			);
			defaultConfigurationIsVisible = 0;
			defaultConfigurationName = Release;
		};
		CBF556682212F27100C28F03 /* Build configuration list for PBXNativeTarget "libdfu" */ = {
			isa = XCConfigurationList;
			buildConfigurations = (
				CBF556692212F27100C28F03 /* Debug */,
				CBF5566A2212F27100C28F03 /* Release */,
			);
			defaultConfigurationIsVisible = 0;
			defaultConfigurationName = Release;
		};
/* End XCConfigurationList section */
	};
	rootObject = CBF5565C2212F27100C28F03 /* Project object */;
}
